// !$*UTF8*$!
{
	archiveVersion = 1;
	classes = {
	};
	objectVersion = 46;
	objects = {

/* Begin PBXBuildFile section */
		F430A6BA1A846F6C008C207D /* main.m in Sources */ = {isa = PBXBuildFile; fileRef = F430A6B91A846F6C008C207D /* main.m */; };
		F430A6BD1A846F6C008C207D /* AppDelegate.m in Sources */ = {isa = PBXBuildFile; fileRef = F430A6BC1A846F6C008C207D /* AppDelegate.m */; };
		F430A6C01A846F6C008C207D /* ViewController.m in Sources */ = {isa = PBXBuildFile; fileRef = F430A6BF1A846F6C008C207D /* ViewController.m */; };
		F430A6C31A846F6C008C207D /* Main.storyboard in Resources */ = {isa = PBXBuildFile; fileRef = F430A6C11A846F6C008C207D /* Main.storyboard */; };
		F430A6C51A846F6C008C207D /* Images.xcassets in Resources */ = {isa = PBXBuildFile; fileRef = F430A6C41A846F6C008C207D /* Images.xcassets */; };
		F430A6C81A846F6C008C207D /* LaunchScreen.xib in Resources */ = {isa = PBXBuildFile; fileRef = F430A6C61A846F6C008C207D /* LaunchScreen.xib */; };
		F430A6D41A846F6C008C207D /* ObjcTestAppTests.m in Sources */ = {isa = PBXBuildFile; fileRef = F430A6D31A846F6C008C207D /* ObjcTestAppTests.m */; };
/* End PBXBuildFile section */

/* Begin PBXContainerItemProxy section */
		F430A6CE1A846F6C008C207D /* PBXContainerItemProxy */ = {
			isa = PBXContainerItemProxy;
			containerPortal = F430A6AC1A846F6C008C207D /* Project object */;
			proxyType = 1;
			remoteGlobalIDString = F430A6B31A846F6C008C207D;
			remoteInfo = ObjcTestApp;
		};
/* End PBXContainerItemProxy section */

/* Begin PBXFileReference section */
		F430A6B41A846F6C008C207D /* ObjcTestApp.app */ = {isa = PBXFileReference; explicitFileType = wrapper.application; includeInIndex = 0; path = ObjcTestApp.app; sourceTree = BUILT_PRODUCTS_DIR; };
		F430A6B81A846F6C008C207D /* Info.plist */ = {isa = PBXFileReference; lastKnownFileType = text.plist.xml; path = Info.plist; sourceTree = "<group>"; };
		F430A6B91A846F6C008C207D /* main.m */ = {isa = PBXFileReference; lastKnownFileType = sourcecode.c.objc; path = main.m; sourceTree = "<group>"; };
		F430A6BB1A846F6C008C207D /* AppDelegate.h */ = {isa = PBXFileReference; lastKnownFileType = sourcecode.c.h; path = AppDelegate.h; sourceTree = "<group>"; };
		F430A6BC1A846F6C008C207D /* AppDelegate.m */ = {isa = PBXFileReference; lastKnownFileType = sourcecode.c.objc; path = AppDelegate.m; sourceTree = "<group>"; };
		F430A6BE1A846F6C008C207D /* ViewController.h */ = {isa = PBXFileReference; lastKnownFileType = sourcecode.c.h; path = ViewController.h; sourceTree = "<group>"; };
		F430A6BF1A846F6C008C207D /* ViewController.m */ = {isa = PBXFileReference; lastKnownFileType = sourcecode.c.objc; path = ViewController.m; sourceTree = "<group>"; };
		F430A6C21A846F6C008C207D /* Base */ = {isa = PBXFileReference; lastKnownFileType = file.storyboard; name = Base; path = Base.lproj/Main.storyboard; sourceTree = "<group>"; };
		F430A6C41A846F6C008C207D /* Images.xcassets */ = {isa = PBXFileReference; lastKnownFileType = folder.assetcatalog; path = Images.xcassets; sourceTree = "<group>"; };
		F430A6C71A846F6C008C207D /* Base */ = {isa = PBXFileReference; lastKnownFileType = file.xib; name = Base; path = Base.lproj/LaunchScreen.xib; sourceTree = "<group>"; };
		F430A6CD1A846F6C008C207D /* ObjcTestAppTests.xctest */ = {isa = PBXFileReference; explicitFileType = wrapper.cfbundle; includeInIndex = 0; path = ObjcTestAppTests.xctest; sourceTree = BUILT_PRODUCTS_DIR; };
		F430A6D21A846F6C008C207D /* Info.plist */ = {isa = PBXFileReference; lastKnownFileType = text.plist.xml; path = Info.plist; sourceTree = "<group>"; };
		F430A6D31A846F6C008C207D /* ObjcTestAppTests.m */ = {isa = PBXFileReference; lastKnownFileType = sourcecode.c.objc; path = ObjcTestAppTests.m; sourceTree = "<group>"; };
/* End PBXFileReference section */

/* Begin PBXFrameworksBuildPhase section */
		F430A6B11A846F6C008C207D /* Frameworks */ = {
			isa = PBXFrameworksBuildPhase;
			buildActionMask = 2147483647;
			files = (
			);
			runOnlyForDeploymentPostprocessing = 0;
		};
		F430A6CA1A846F6C008C207D /* Frameworks */ = {
			isa = PBXFrameworksBuildPhase;
			buildActionMask = 2147483647;
			files = (
			);
			runOnlyForDeploymentPostprocessing = 0;
		};
/* End PBXFrameworksBuildPhase section */

/* Begin PBXGroup section */
		F430A6AB1A846F6B008C207D = {
			isa = PBXGroup;
			children = (
				F430A6B61A846F6C008C207D /* ObjcTestApp */,
				F430A6D01A846F6C008C207D /* ObjcTestAppTests */,
				F430A6B51A846F6C008C207D /* Products */,
			);
			sourceTree = "<group>";
		};
		F430A6B51A846F6C008C207D /* Products */ = {
			isa = PBXGroup;
			children = (
				F430A6B41A846F6C008C207D /* ObjcTestApp.app */,
				F430A6CD1A846F6C008C207D /* ObjcTestAppTests.xctest */,
			);
			name = Products;
			sourceTree = "<group>";
		};
		F430A6B61A846F6C008C207D /* ObjcTestApp */ = {
			isa = PBXGroup;
			children = (
				F430A6BB1A846F6C008C207D /* AppDelegate.h */,
				F430A6BC1A846F6C008C207D /* AppDelegate.m */,
				F430A6BE1A846F6C008C207D /* ViewController.h */,
				F430A6BF1A846F6C008C207D /* ViewController.m */,
				F430A6C11A846F6C008C207D /* Main.storyboard */,
				F430A6C41A846F6C008C207D /* Images.xcassets */,
				F430A6C61A846F6C008C207D /* LaunchScreen.xib */,
				F430A6B71A846F6C008C207D /* Supporting Files */,
			);
			path = ObjcTestApp;
			sourceTree = "<group>";
		};
		F430A6B71A846F6C008C207D /* Supporting Files */ = {
			isa = PBXGroup;
			children = (
				F430A6B81A846F6C008C207D /* Info.plist */,
				F430A6B91A846F6C008C207D /* main.m */,
			);
			name = "Supporting Files";
			sourceTree = "<group>";
		};
		F430A6D01A846F6C008C207D /* ObjcTestAppTests */ = {
			isa = PBXGroup;
			children = (
				F430A6D31A846F6C008C207D /* ObjcTestAppTests.m */,
				F430A6D11A846F6C008C207D /* Supporting Files */,
			);
			path = ObjcTestAppTests;
			sourceTree = "<group>";
		};
		F430A6D11A846F6C008C207D /* Supporting Files */ = {
			isa = PBXGroup;
			children = (
				F430A6D21A846F6C008C207D /* Info.plist */,
			);
			name = "Supporting Files";
			sourceTree = "<group>";
		};
/* End PBXGroup section */

/* Begin PBXNativeTarget section */
		F430A6B31A846F6C008C207D /* ObjcTestApp */ = {
			isa = PBXNativeTarget;
			buildConfigurationList = F430A6D71A846F6C008C207D /* Build configuration list for PBXNativeTarget "ObjcTestApp" */;
			buildPhases = (
				F430A6B01A846F6C008C207D /* Sources */,
				F430A6B11A846F6C008C207D /* Frameworks */,
				F430A6B21A846F6C008C207D /* Resources */,
			);
			buildRules = (
			);
			dependencies = (
			);
			name = ObjcTestApp;
			productName = ObjcTestApp;
			productReference = F430A6B41A846F6C008C207D /* ObjcTestApp.app */;
			productType = "com.apple.product-type.application";
		};
		F430A6CC1A846F6C008C207D /* ObjcTestAppTests */ = {
			isa = PBXNativeTarget;
			buildConfigurationList = F430A6DA1A846F6C008C207D /* Build configuration list for PBXNativeTarget "ObjcTestAppTests" */;
			buildPhases = (
				F430A6C91A846F6C008C207D /* Sources */,
				F430A6CA1A846F6C008C207D /* Frameworks */,
				F430A6CB1A846F6C008C207D /* Resources */,
			);
			buildRules = (
			);
			dependencies = (
				F430A6CF1A846F6C008C207D /* PBXTargetDependency */,
			);
			name = ObjcTestAppTests;
			productName = ObjcTestAppTests;
			productReference = F430A6CD1A846F6C008C207D /* ObjcTestAppTests.xctest */;
			productType = "com.apple.product-type.bundle.unit-test";
		};
/* End PBXNativeTarget section */

/* Begin PBXProject section */
		F430A6AC1A846F6C008C207D /* Project object */ = {
			isa = PBXProject;
			attributes = {
				LastUpgradeCheck = 0610;
				ORGANIZATIONNAME = "Masaki Tatematsu";
				TargetAttributes = {
					F430A6B31A846F6C008C207D = {
						CreatedOnToolsVersion = 6.1.1;
					};
					F430A6CC1A846F6C008C207D = {
						CreatedOnToolsVersion = 6.1.1;
						TestTargetID = F430A6B31A846F6C008C207D;
					};
				};
			};
			buildConfigurationList = F430A6AF1A846F6C008C207D /* Build configuration list for PBXProject "ObjcTestApp" */;
			compatibilityVersion = "Xcode 3.2";
			developmentRegion = English;
			hasScannedForEncodings = 0;
			knownRegions = (
				en,
				Base,
			);
			mainGroup = F430A6AB1A846F6B008C207D;
			productRefGroup = F430A6B51A846F6C008C207D /* Products */;
			projectDirPath = "";
			projectRoot = "";
			targets = (
				F430A6B31A846F6C008C207D /* ObjcTestApp */,
				F430A6CC1A846F6C008C207D /* ObjcTestAppTests */,
			);
		};
/* End PBXProject section */

/* Begin PBXResourcesBuildPhase section */
		F430A6B21A846F6C008C207D /* Resources */ = {
			isa = PBXResourcesBuildPhase;
			buildActionMask = 2147483647;
			files = (
				F430A6C31A846F6C008C207D /* Main.storyboard in Resources */,
				F430A6C81A846F6C008C207D /* LaunchScreen.xib in Resources */,
				F430A6C51A846F6C008C207D /* Images.xcassets in Resources */,
			);
			runOnlyForDeploymentPostprocessing = 0;
		};
		F430A6CB1A846F6C008C207D /* Resources */ = {
			isa = PBXResourcesBuildPhase;
			buildActionMask = 2147483647;
			files = (
			);
			runOnlyForDeploymentPostprocessing = 0;
		};
/* End PBXResourcesBuildPhase section */

/* Begin PBXSourcesBuildPhase section */
		F430A6B01A846F6C008C207D /* Sources */ = {
			isa = PBXSourcesBuildPhase;
			buildActionMask = 2147483647;
			files = (
				F430A6C01A846F6C008C207D /* ViewController.m in Sources */,
				F430A6BD1A846F6C008C207D /* AppDelegate.m in Sources */,
				F430A6BA1A846F6C008C207D /* main.m in Sources */,
			);
			runOnlyForDeploymentPostprocessing = 0;
		};
		F430A6C91A846F6C008C207D /* Sources */ = {
			isa = PBXSourcesBuildPhase;
			buildActionMask = 2147483647;
			files = (
				F430A6D41A846F6C008C207D /* ObjcTestAppTests.m in Sources */,
			);
			runOnlyForDeploymentPostprocessing = 0;
		};
/* End PBXSourcesBuildPhase section */

/* Begin PBXTargetDependency section */
		F430A6CF1A846F6C008C207D /* PBXTargetDependency */ = {
			isa = PBXTargetDependency;
			target = F430A6B31A846F6C008C207D /* ObjcTestApp */;
			targetProxy = F430A6CE1A846F6C008C207D /* PBXContainerItemProxy */;
		};
/* End PBXTargetDependency section */

/* Begin PBXVariantGroup section */
		F430A6C11A846F6C008C207D /* Main.storyboard */ = {
			isa = PBXVariantGroup;
			children = (
				F430A6C21A846F6C008C207D /* Base */,
			);
			name = Main.storyboard;
			sourceTree = "<group>";
		};
		F430A6C61A846F6C008C207D /* LaunchScreen.xib */ = {
			isa = PBXVariantGroup;
			children = (
				F430A6C71A846F6C008C207D /* Base */,
			);
			name = LaunchScreen.xib;
			sourceTree = "<group>";
		};
/* End PBXVariantGroup section */

/* Begin XCBuildConfiguration section */
		F430A6D51A846F6C008C207D /* Debug */ = {
			isa = XCBuildConfiguration;
			buildSettings = {
				ALWAYS_SEARCH_USER_PATHS = NO;
				CLANG_CXX_LANGUAGE_STANDARD = "gnu++0x";
				CLANG_CXX_LIBRARY = "libc++";
				CLANG_ENABLE_MODULES = YES;
				CLANG_ENABLE_OBJC_ARC = YES;
				CLANG_WARN_BOOL_CONVERSION = YES;
				CLANG_WARN_CONSTANT_CONVERSION = YES;
				CLANG_WARN_DIRECT_OBJC_ISA_USAGE = YES_ERROR;
				CLANG_WARN_EMPTY_BODY = YES;
				CLANG_WARN_ENUM_CONVERSION = YES;
				CLANG_WARN_INT_CONVERSION = YES;
				CLANG_WARN_OBJC_ROOT_CLASS = YES_ERROR;
				CLANG_WARN_UNREACHABLE_CODE = YES;
				CLANG_WARN__DUPLICATE_METHOD_MATCH = YES;
				"CODE_SIGN_IDENTITY[sdk=iphoneos*]" = "iPhone Developer";
				COPY_PHASE_STRIP = NO;
				ENABLE_STRICT_OBJC_MSGSEND = YES;
				GCC_C_LANGUAGE_STANDARD = gnu99;
				GCC_DYNAMIC_NO_PIC = NO;
				GCC_OPTIMIZATION_LEVEL = 0;
				GCC_PREPROCESSOR_DEFINITIONS = (
					"DEBUG=1",
					"$(inherited)",
				);
				GCC_SYMBOLS_PRIVATE_EXTERN = NO;
				GCC_WARN_64_TO_32_BIT_CONVERSION = YES;
				GCC_WARN_ABOUT_RETURN_TYPE = YES_ERROR;
				GCC_WARN_UNDECLARED_SELECTOR = YES;
				GCC_WARN_UNINITIALIZED_AUTOS = YES_AGGRESSIVE;
				GCC_WARN_UNUSED_FUNCTION = YES;
				GCC_WARN_UNUSED_VARIABLE = YES;
				IPHONEOS_DEPLOYMENT_TARGET = 8.1;
				MTL_ENABLE_DEBUG_INFO = YES;
				ONLY_ACTIVE_ARCH = YES;
				SDKROOT = iphoneos;
			};
			name = Debug;
		};
		F430A6D61A846F6C008C207D /* Release */ = {
			isa = XCBuildConfiguration;
			buildSettings = {
				ALWAYS_SEARCH_USER_PATHS = NO;
				CLANG_CXX_LANGUAGE_STANDARD = "gnu++0x";
				CLANG_CXX_LIBRARY = "libc++";
				CLANG_ENABLE_MODULES = YES;
				CLANG_ENABLE_OBJC_ARC = YES;
				CLANG_WARN_BOOL_CONVERSION = YES;
				CLANG_WARN_CONSTANT_CONVERSION = YES;
				CLANG_WARN_DIRECT_OBJC_ISA_USAGE = YES_ERROR;
				CLANG_WARN_EMPTY_BODY = YES;
				CLANG_WARN_ENUM_CONVERSION = YES;
				CLANG_WARN_INT_CONVERSION = YES;
				CLANG_WARN_OBJC_ROOT_CLASS = YES_ERROR;
				CLANG_WARN_UNREACHABLE_CODE = YES;
				CLANG_WARN__DUPLICATE_METHOD_MATCH = YES;
				"CODE_SIGN_IDENTITY[sdk=iphoneos*]" = "iPhone Developer";
				COPY_PHASE_STRIP = YES;
				ENABLE_NS_ASSERTIONS = NO;
				ENABLE_STRICT_OBJC_MSGSEND = YES;
				GCC_C_LANGUAGE_STANDARD = gnu99;
				GCC_WARN_64_TO_32_BIT_CONVERSION = YES;
				GCC_WARN_ABOUT_RETURN_TYPE = YES_ERROR;
				GCC_WARN_UNDECLARED_SELECTOR = YES;
				GCC_WARN_UNINITIALIZED_AUTOS = YES_AGGRESSIVE;
				GCC_WARN_UNUSED_FUNCTION = YES;
				GCC_WARN_UNUSED_VARIABLE = YES;
				IPHONEOS_DEPLOYMENT_TARGET = 8.1;
				MTL_ENABLE_DEBUG_INFO = NO;
				SDKROOT = iphoneos;
				VALIDATE_PRODUCT = YES;
			};
			name = Release;
		};
		F430A6D81A846F6C008C207D /* Debug */ = {
			isa = XCBuildConfiguration;
			buildSettings = {
				ASSETCATALOG_COMPILER_APPICON_NAME = AppIcon;
				INFOPLIST_FILE = ObjcTestApp/Info.plist;
				LD_RUNPATH_SEARCH_PATHS = "$(inherited) @executable_path/Frameworks";
				PRODUCT_NAME = "$(TARGET_NAME)";
			};
			name = Debug;
		};
		F430A6D91A846F6C008C207D /* Release */ = {
			isa = XCBuildConfiguration;
			buildSettings = {
				ASSETCATALOG_COMPILER_APPICON_NAME = AppIcon;
				INFOPLIST_FILE = ObjcTestApp/Info.plist;
				LD_RUNPATH_SEARCH_PATHS = "$(inherited) @executable_path/Frameworks";
				PRODUCT_NAME = "$(TARGET_NAME)";
			};
			name = Release;
		};
		F430A6DB1A846F6C008C207D /* Debug */ = {
			isa = XCBuildConfiguration;
			buildSettings = {
				BUNDLE_LOADER = "$(TEST_HOST)";
				FRAMEWORK_SEARCH_PATHS = (
					"$(SDKROOT)/Developer/Library/Frameworks",
					"$(inherited)",
				);
				GCC_PREPROCESSOR_DEFINITIONS = (
					"DEBUG=1",
					"$(inherited)",
				);
				INFOPLIST_FILE = ObjcTestAppTests/Info.plist;
				LD_RUNPATH_SEARCH_PATHS = "$(inherited) @executable_path/Frameworks @loader_path/Frameworks";
				PRODUCT_NAME = "$(TARGET_NAME)";
				TEST_HOST = "$(BUILT_PRODUCTS_DIR)/ObjcTestApp.app/ObjcTestApp";
			};
			name = Debug;
		};
		F430A6DC1A846F6C008C207D /* Release */ = {
			isa = XCBuildConfiguration;
			buildSettings = {
				BUNDLE_LOADER = "$(TEST_HOST)";
				FRAMEWORK_SEARCH_PATHS = (
					"$(SDKROOT)/Developer/Library/Frameworks",
					"$(inherited)",
				);
				INFOPLIST_FILE = ObjcTestAppTests/Info.plist;
				LD_RUNPATH_SEARCH_PATHS = "$(inherited) @executable_path/Frameworks @loader_path/Frameworks";
				PRODUCT_NAME = "$(TARGET_NAME)";
				TEST_HOST = "$(BUILT_PRODUCTS_DIR)/ObjcTestApp.app/ObjcTestApp";
			};
			name = Release;
		};
/* End XCBuildConfiguration section */

/* Begin XCConfigurationList section */
		F430A6AF1A846F6C008C207D /* Build configuration list for PBXProject "ObjcTestApp" */ = {
			isa = XCConfigurationList;
			buildConfigurations = (
				F430A6D51A846F6C008C207D /* Debug */,
				F430A6D61A846F6C008C207D /* Release */,
			);
			defaultConfigurationIsVisible = 0;
			defaultConfigurationName = Release;
		};
		F430A6D71A846F6C008C207D /* Build configuration list for PBXNativeTarget "ObjcTestApp" */ = {
			isa = XCConfigurationList;
			buildConfigurations = (
				F430A6D81A846F6C008C207D /* Debug */,
				F430A6D91A846F6C008C207D /* Release */,
			);
			defaultConfigurationIsVisible = 0;
		};
		F430A6DA1A846F6C008C207D /* Build configuration list for PBXNativeTarget "ObjcTestAppTests" */ = {
			isa = XCConfigurationList;
			buildConfigurations = (
				F430A6DB1A846F6C008C207D /* Debug */,
				F430A6DC1A846F6C008C207D /* Release */,
			);
			defaultConfigurationIsVisible = 0;
		};
/* End XCConfigurationList section */
	};
	rootObject = F430A6AC1A846F6C008C207D /* Project object */;
}
